// !$*UTF8*$!
{
	archiveVersion = 1;
	classes = {
	};
	objectVersion = 77;
	objects = {

/* Begin PBXContainerItemProxy section */
		EDB2DA7F2D7D5FB700B3D385 /* PBXContainerItemProxy */ = {
			isa = PBXContainerItemProxy;
			containerPortal = EDB2DA652D7D5FB600B3D385 /* Project object */;
			proxyType = 1;
			remoteGlobalIDString = EDB2DA6C2D7D5FB600B3D385;
			remoteInfo = LMStudioiOS;
		};
		EDB2DA892D7D5FB700B3D385 /* PBXContainerItemProxy */ = {
			isa = PBXContainerItemProxy;
			containerPortal = EDB2DA652D7D5FB600B3D385 /* Project object */;
			proxyType = 1;
			remoteGlobalIDString = EDB2DA6C2D7D5FB600B3D385;
			remoteInfo = LMStudioiOS;
		};
/* End PBXContainerItemProxy section */

/* Begin PBXFileReference section */
		EDB2DA6D2D7D5FB600B3D385 /* LMStudioiOS.app */ = {isa = PBXFileReference; explicitFileType = wrapper.application; includeInIndex = 0; path = LMStudioiOS.app; sourceTree = BUILT_PRODUCTS_DIR; };
		EDB2DA7E2D7D5FB700B3D385 /* LMStudioiOSTests.xctest */ = {isa = PBXFileReference; explicitFileType = wrapper.cfbundle; includeInIndex = 0; path = LMStudioiOSTests.xctest; sourceTree = BUILT_PRODUCTS_DIR; };
		EDB2DA882D7D5FB700B3D385 /* LMStudioiOSUITests.xctest */ = {isa = PBXFileReference; explicitFileType = wrapper.cfbundle; includeInIndex = 0; path = LMStudioiOSUITests.xctest; sourceTree = BUILT_PRODUCTS_DIR; };
/* End PBXFileReference section */

/* Begin PBXFileSystemSynchronizedBuildFileExceptionSet section */
		EDB2DA9C2D7E181F00B3D385 /* Exceptions for "LMStudioiOS" folder in "LMStudioiOS" target */ = {
			isa = PBXFileSystemSynchronizedBuildFileExceptionSet;
			membershipExceptions = (
				Info.plist,
			);
			target = EDB2DA6C2D7D5FB600B3D385 /* LMStudioiOS */;
		};
/* End PBXFileSystemSynchronizedBuildFileExceptionSet section */

/* Begin PBXFileSystemSynchronizedRootGroup section */
		EDB2DA6F2D7D5FB600B3D385 /* LMStudioiOS */ = {
			isa = PBXFileSystemSynchronizedRootGroup;
			exceptions = (
				EDB2DA9C2D7E181F00B3D385 /* Exceptions for "LMStudioiOS" folder in "LMStudioiOS" target */,
			);
			path = LMStudioiOS;
			sourceTree = "<group>";
		};
		EDB2DA812D7D5FB700B3D385 /* LMStudioiOSTests */ = {
			isa = PBXFileSystemSynchronizedRootGroup;
			path = LMStudioiOSTests;
			sourceTree = "<group>";
		};
		EDB2DA8B2D7D5FB700B3D385 /* LMStudioiOSUITests */ = {
			isa = PBXFileSystemSynchronizedRootGroup;
			path = LMStudioiOSUITests;
			sourceTree = "<group>";
		};
/* End PBXFileSystemSynchronizedRootGroup section */

/* Begin PBXFrameworksBuildPhase section */
		EDB2DA6A2D7D5FB600B3D385 /* Frameworks */ = {
			isa = PBXFrameworksBuildPhase;
			buildActionMask = 2147483647;
			files = (
			);
			runOnlyForDeploymentPostprocessing = 0;
		};
		EDB2DA7B2D7D5FB700B3D385 /* Frameworks */ = {
			isa = PBXFrameworksBuildPhase;
			buildActionMask = 2147483647;
			files = (
			);
			runOnlyForDeploymentPostprocessing = 0;
		};
		EDB2DA852D7D5FB700B3D385 /* Frameworks */ = {
			isa = PBXFrameworksBuildPhase;
			buildActionMask = 2147483647;
			files = (
			);
			runOnlyForDeploymentPostprocessing = 0;
		};
/* End PBXFrameworksBuildPhase section */

/* Begin PBXGroup section */
		EDB2DA642D7D5FB600B3D385 = {
			isa = PBXGroup;
			children = (
				EDB2DA6F2D7D5FB600B3D385 /* LMStudioiOS */,
				EDB2DA812D7D5FB700B3D385 /* LMStudioiOSTests */,
				EDB2DA8B2D7D5FB700B3D385 /* LMStudioiOSUITests */,
				EDB2DA6E2D7D5FB600B3D385 /* Products */,
			);
			sourceTree = "<group>";
		};
		EDB2DA6E2D7D5FB600B3D385 /* Products */ = {
			isa = PBXGroup;
			children = (
				EDB2DA6D2D7D5FB600B3D385 /* LMStudioiOS.app */,
				EDB2DA7E2D7D5FB700B3D385 /* LMStudioiOSTests.xctest */,
				EDB2DA882D7D5FB700B3D385 /* LMStudioiOSUITests.xctest */,
			);
			name = Products;
			sourceTree = "<group>";
		};
/* End PBXGroup section */

/* Begin PBXNativeTarget section */
		EDB2DA6C2D7D5FB600B3D385 /* LMStudioiOS */ = {
			isa = PBXNativeTarget;
			buildConfigurationList = EDB2DA922D7D5FB700B3D385 /* Build configuration list for PBXNativeTarget "LMStudioiOS" */;
			buildPhases = (
				EDB2DA692D7D5FB600B3D385 /* Sources */,
				EDB2DA6A2D7D5FB600B3D385 /* Frameworks */,
				EDB2DA6B2D7D5FB600B3D385 /* Resources */,
			);
			buildRules = (
			);
			dependencies = (
			);
			fileSystemSynchronizedGroups = (
				EDB2DA6F2D7D5FB600B3D385 /* LMStudioiOS */,
			);
			name = LMStudioiOS;
			packageProductDependencies = (
			);
			productName = LMStudioiOS;
			productReference = EDB2DA6D2D7D5FB600B3D385 /* LMStudioiOS.app */;
			productType = "com.apple.product-type.application";
		};
		EDB2DA7D2D7D5FB700B3D385 /* LMStudioiOSTests */ = {
			isa = PBXNativeTarget;
			buildConfigurationList = EDB2DA952D7D5FB700B3D385 /* Build configuration list for PBXNativeTarget "LMStudioiOSTests" */;
			buildPhases = (
				EDB2DA7A2D7D5FB700B3D385 /* Sources */,
				EDB2DA7B2D7D5FB700B3D385 /* Frameworks */,
				EDB2DA7C2D7D5FB700B3D385 /* Resources */,
			);
			buildRules = (
			);
			dependencies = (
				EDB2DA802D7D5FB700B3D385 /* PBXTargetDependency */,
			);
			fileSystemSynchronizedGroups = (
				EDB2DA812D7D5FB700B3D385 /* LMStudioiOSTests */,
			);
			name = LMStudioiOSTests;
			packageProductDependencies = (
			);
			productName = LMStudioiOSTests;
			productReference = EDB2DA7E2D7D5FB700B3D385 /* LMStudioiOSTests.xctest */;
			productType = "com.apple.product-type.bundle.unit-test";
		};
		EDB2DA872D7D5FB700B3D385 /* LMStudioiOSUITests */ = {
			isa = PBXNativeTarget;
			buildConfigurationList = EDB2DA982D7D5FB700B3D385 /* Build configuration list for PBXNativeTarget "LMStudioiOSUITests" */;
			buildPhases = (
				EDB2DA842D7D5FB700B3D385 /* Sources */,
				EDB2DA852D7D5FB700B3D385 /* Frameworks */,
				EDB2DA862D7D5FB700B3D385 /* Resources */,
			);
			buildRules = (
			);
			dependencies = (
				EDB2DA8A2D7D5FB700B3D385 /* PBXTargetDependency */,
			);
			fileSystemSynchronizedGroups = (
				EDB2DA8B2D7D5FB700B3D385 /* LMStudioiOSUITests */,
			);
			name = LMStudioiOSUITests;
			packageProductDependencies = (
			);
			productName = LMStudioiOSUITests;
			productReference = EDB2DA882D7D5FB700B3D385 /* LMStudioiOSUITests.xctest */;
			productType = "com.apple.product-type.bundle.ui-testing";
		};
/* End PBXNativeTarget section */

/* Begin PBXProject section */
		EDB2DA652D7D5FB600B3D385 /* Project object */ = {
			isa = PBXProject;
			attributes = {
				BuildIndependentTargetsInParallel = 1;
				LastSwiftUpdateCheck = 1600;
				LastUpgradeCheck = 1600;
				TargetAttributes = {
					EDB2DA6C2D7D5FB600B3D385 = {
						CreatedOnToolsVersion = 16.0;
					};
					EDB2DA7D2D7D5FB700B3D385 = {
						CreatedOnToolsVersion = 16.0;
						TestTargetID = EDB2DA6C2D7D5FB600B3D385;
					};
					EDB2DA872D7D5FB700B3D385 = {
						CreatedOnToolsVersion = 16.0;
						TestTargetID = EDB2DA6C2D7D5FB600B3D385;
					};
				};
			};
			buildConfigurationList = EDB2DA682D7D5FB600B3D385 /* Build configuration list for PBXProject "LMStudioiOS" */;
			developmentRegion = en;
			hasScannedForEncodings = 0;
			knownRegions = (
				en,
				Base,
			);
			mainGroup = EDB2DA642D7D5FB600B3D385;
			minimizedProjectReferenceProxies = 1;
			preferredProjectObjectVersion = 77;
			productRefGroup = EDB2DA6E2D7D5FB600B3D385 /* Products */;
			projectDirPath = "";
			projectRoot = "";
			targets = (
				EDB2DA6C2D7D5FB600B3D385 /* LMStudioiOS */,
				EDB2DA7D2D7D5FB700B3D385 /* LMStudioiOSTests */,
				EDB2DA872D7D5FB700B3D385 /* LMStudioiOSUITests */,
			);
		};
/* End PBXProject section */

/* Begin PBXResourcesBuildPhase section */
		EDB2DA6B2D7D5FB600B3D385 /* Resources */ = {
			isa = PBXResourcesBuildPhase;
			buildActionMask = 2147483647;
			files = (
			);
			runOnlyForDeploymentPostprocessing = 0;
		};
		EDB2DA7C2D7D5FB700B3D385 /* Resources */ = {
			isa = PBXResourcesBuildPhase;
			buildActionMask = 2147483647;
			files = (
			);
			runOnlyForDeploymentPostprocessing = 0;
		};
		EDB2DA862D7D5FB700B3D385 /* Resources */ = {
			isa = PBXResourcesBuildPhase;
			buildActionMask = 2147483647;
			files = (
			);
			runOnlyForDeploymentPostprocessing = 0;
		};
/* End PBXResourcesBuildPhase section */

/* Begin PBXSourcesBuildPhase section */
		EDB2DA692D7D5FB600B3D385 /* Sources */ = {
			isa = PBXSourcesBuildPhase;
			buildActionMask = 2147483647;
			files = (
			);
			runOnlyForDeploymentPostprocessing = 0;
		};
		EDB2DA7A2D7D5FB700B3D385 /* Sources */ = {
			isa = PBXSourcesBuildPhase;
			buildActionMask = 2147483647;
			files = (
			);
			runOnlyForDeploymentPostprocessing = 0;
		};
		EDB2DA842D7D5FB700B3D385 /* Sources */ = {
			isa = PBXSourcesBuildPhase;
			buildActionMask = 2147483647;
			files = (
			);
			runOnlyForDeploymentPostprocessing = 0;
		};
/* End PBXSourcesBuildPhase section */

/* Begin PBXTargetDependency section */
		EDB2DA802D7D5FB700B3D385 /* PBXTargetDependency */ = {
			isa = PBXTargetDependency;
			target = EDB2DA6C2D7D5FB600B3D385 /* LMStudioiOS */;
			targetProxy = EDB2DA7F2D7D5FB700B3D385 /* PBXContainerItemProxy */;
		};
		EDB2DA8A2D7D5FB700B3D385 /* PBXTargetDependency */ = {
			isa = PBXTargetDependency;
			target = EDB2DA6C2D7D5FB600B3D385 /* LMStudioiOS */;
			targetProxy = EDB2DA892D7D5FB700B3D385 /* PBXContainerItemProxy */;
		};
/* End PBXTargetDependency section */

/* Begin XCBuildConfiguration section */
		EDB2DA902D7D5FB700B3D385 /* Debug */ = {
			isa = XCBuildConfiguration;
			buildSettings = {
				ALWAYS_SEARCH_USER_PATHS = NO;
				ASSETCATALOG_COMPILER_GENERATE_SWIFT_ASSET_SYMBOL_EXTENSIONS = YES;
				CLANG_ANALYZER_NONNULL = YES;
				CLANG_ANALYZER_NUMBER_OBJECT_CONVERSION = YES_AGGRESSIVE;
				CLANG_CXX_LANGUAGE_STANDARD = "gnu++20";
				CLANG_ENABLE_MODULES = YES;
				CLANG_ENABLE_OBJC_ARC = YES;
				CLANG_ENABLE_OBJC_WEAK = YES;
				CLANG_WARN_BLOCK_CAPTURE_AUTORELEASING = YES;
				CLANG_WARN_BOOL_CONVERSION = YES;
				CLANG_WARN_COMMA = YES;
				CLANG_WARN_CONSTANT_CONVERSION = YES;
				CLANG_WARN_DEPRECATED_OBJC_IMPLEMENTATIONS = YES;
				CLANG_WARN_DIRECT_OBJC_ISA_USAGE = YES_ERROR;
				CLANG_WARN_DOCUMENTATION_COMMENTS = YES;
				CLANG_WARN_EMPTY_BODY = YES;
				CLANG_WARN_ENUM_CONVERSION = YES;
				CLANG_WARN_INFINITE_RECURSION = YES;
				CLANG_WARN_INT_CONVERSION = YES;
				CLANG_WARN_NON_LITERAL_NULL_CONVERSION = YES;
				CLANG_WARN_OBJC_IMPLICIT_RETAIN_SELF = YES;
				CLANG_WARN_OBJC_LITERAL_CONVERSION = YES;
				CLANG_WARN_OBJC_ROOT_CLASS = YES_ERROR;
				CLANG_WARN_QUOTED_INCLUDE_IN_FRAMEWORK_HEADER = YES;
				CLANG_WARN_RANGE_LOOP_ANALYSIS = YES;
				CLANG_WARN_STRICT_PROTOTYPES = YES;
				CLANG_WARN_SUSPICIOUS_MOVE = YES;
				CLANG_WARN_UNGUARDED_AVAILABILITY = YES_AGGRESSIVE;
				CLANG_WARN_UNREACHABLE_CODE = YES;
				CLANG_WARN__DUPLICATE_METHOD_MATCH = YES;
				COPY_PHASE_STRIP = NO;
				DEBUG_INFORMATION_FORMAT = dwarf;
				ENABLE_STRICT_OBJC_MSGSEND = YES;
				ENABLE_TESTABILITY = YES;
				ENABLE_USER_SCRIPT_SANDBOXING = YES;
				GCC_C_LANGUAGE_STANDARD = gnu17;
				GCC_DYNAMIC_NO_PIC = NO;
				GCC_NO_COMMON_BLOCKS = YES;
				GCC_OPTIMIZATION_LEVEL = 0;
				GCC_PREPROCESSOR_DEFINITIONS = (
					"DEBUG=1",
					"$(inherited)",
				);
				GCC_WARN_64_TO_32_BIT_CONVERSION = YES;
				GCC_WARN_ABOUT_RETURN_TYPE = YES_ERROR;
				GCC_WARN_UNDECLARED_SELECTOR = YES;
				GCC_WARN_UNINITIALIZED_AUTOS = YES_AGGRESSIVE;
				GCC_WARN_UNUSED_FUNCTION = YES;
				GCC_WARN_UNUSED_VARIABLE = YES;
				LOCALIZATION_PREFERS_STRING_CATALOGS = YES;
				MTL_ENABLE_DEBUG_INFO = INCLUDE_SOURCE;
				MTL_FAST_MATH = YES;
				ONLY_ACTIVE_ARCH = YES;
				SWIFT_ACTIVE_COMPILATION_CONDITIONS = "DEBUG $(inherited)";
				SWIFT_OPTIMIZATION_LEVEL = "-Onone";
			};
			name = Debug;
		};
		EDB2DA912D7D5FB700B3D385 /* Release */ = {
			isa = XCBuildConfiguration;
			buildSettings = {
				ALWAYS_SEARCH_USER_PATHS = NO;
				ASSETCATALOG_COMPILER_GENERATE_SWIFT_ASSET_SYMBOL_EXTENSIONS = YES;
				CLANG_ANALYZER_NONNULL = YES;
				CLANG_ANALYZER_NUMBER_OBJECT_CONVERSION = YES_AGGRESSIVE;
				CLANG_CXX_LANGUAGE_STANDARD = "gnu++20";
				CLANG_ENABLE_MODULES = YES;
				CLANG_ENABLE_OBJC_ARC = YES;
				CLANG_ENABLE_OBJC_WEAK = YES;
				CLANG_WARN_BLOCK_CAPTURE_AUTORELEASING = YES;
				CLANG_WARN_BOOL_CONVERSION = YES;
				CLANG_WARN_COMMA = YES;
				CLANG_WARN_CONSTANT_CONVERSION = YES;
				CLANG_WARN_DEPRECATED_OBJC_IMPLEMENTATIONS = YES;
				CLANG_WARN_DIRECT_OBJC_ISA_USAGE = YES_ERROR;
				CLANG_WARN_DOCUMENTATION_COMMENTS = YES;
				CLANG_WARN_EMPTY_BODY = YES;
				CLANG_WARN_ENUM_CONVERSION = YES;
				CLANG_WARN_INFINITE_RECURSION = YES;
				CLANG_WARN_INT_CONVERSION = YES;
				CLANG_WARN_NON_LITERAL_NULL_CONVERSION = YES;
				CLANG_WARN_OBJC_IMPLICIT_RETAIN_SELF = YES;
				CLANG_WARN_OBJC_LITERAL_CONVERSION = YES;
				CLANG_WARN_OBJC_ROOT_CLASS = YES_ERROR;
				CLANG_WARN_QUOTED_INCLUDE_IN_FRAMEWORK_HEADER = YES;
				CLANG_WARN_RANGE_LOOP_ANALYSIS = YES;
				CLANG_WARN_STRICT_PROTOTYPES = YES;
				CLANG_WARN_SUSPICIOUS_MOVE = YES;
				CLANG_WARN_UNGUARDED_AVAILABILITY = YES_AGGRESSIVE;
				CLANG_WARN_UNREACHABLE_CODE = YES;
				CLANG_WARN__DUPLICATE_METHOD_MATCH = YES;
				COPY_PHASE_STRIP = NO;
				DEBUG_INFORMATION_FORMAT = "dwarf-with-dsym";
				ENABLE_NS_ASSERTIONS = NO;
				ENABLE_STRICT_OBJC_MSGSEND = YES;
				ENABLE_USER_SCRIPT_SANDBOXING = YES;
				GCC_C_LANGUAGE_STANDARD = gnu17;
				GCC_NO_COMMON_BLOCKS = YES;
				GCC_WARN_64_TO_32_BIT_CONVERSION = YES;
				GCC_WARN_ABOUT_RETURN_TYPE = YES_ERROR;
				GCC_WARN_UNDECLARED_SELECTOR = YES;
				GCC_WARN_UNINITIALIZED_AUTOS = YES_AGGRESSIVE;
				GCC_WARN_UNUSED_FUNCTION = YES;
				GCC_WARN_UNUSED_VARIABLE = YES;
				LOCALIZATION_PREFERS_STRING_CATALOGS = YES;
				MTL_ENABLE_DEBUG_INFO = NO;
				MTL_FAST_MATH = YES;
				SWIFT_COMPILATION_MODE = wholemodule;
			};
			name = Release;
		};
		EDB2DA932D7D5FB700B3D385 /* Debug */ = {
			isa = XCBuildConfiguration;
			buildSettings = {
				ASSETCATALOG_COMPILER_APPICON_NAME = AppIcon;
				ASSETCATALOG_COMPILER_GLOBAL_ACCENT_COLOR_NAME = AccentColor;
				CODE_SIGN_ENTITLEMENTS = LMStudioiOS/LMStudioiOS.entitlements;
				CODE_SIGN_STYLE = Automatic;
				CURRENT_PROJECT_VERSION = 1;
				DEVELOPMENT_ASSET_PATHS = "\"LMStudioiOS/Preview Content\"";
				DEVELOPMENT_TEAM = 2C9TR52QN3;
				ENABLE_PREVIEWS = YES;
				GENERATE_INFOPLIST_FILE = YES;
				INFOPLIST_FILE = LMStudioiOS/Info.plist;
				INFOPLIST_KEY_CFBundleDisplayName = "LLM Chat";
				INFOPLIST_KEY_LSApplicationCategoryType = "public.app-category.utilities";
				"INFOPLIST_KEY_UIApplicationSceneManifest_Generation[sdk=iphoneos*]" = YES;
				"INFOPLIST_KEY_UIApplicationSceneManifest_Generation[sdk=iphonesimulator*]" = YES;
				"INFOPLIST_KEY_UIApplicationSupportsIndirectInputEvents[sdk=iphoneos*]" = YES;
				"INFOPLIST_KEY_UIApplicationSupportsIndirectInputEvents[sdk=iphonesimulator*]" = YES;
				"INFOPLIST_KEY_UILaunchScreen_Generation[sdk=iphoneos*]" = YES;
				"INFOPLIST_KEY_UILaunchScreen_Generation[sdk=iphonesimulator*]" = YES;
				"INFOPLIST_KEY_UIStatusBarStyle[sdk=iphoneos*]" = UIStatusBarStyleDefault;
				"INFOPLIST_KEY_UIStatusBarStyle[sdk=iphonesimulator*]" = UIStatusBarStyleDefault;
				INFOPLIST_KEY_UISupportedInterfaceOrientations_iPad = "UIInterfaceOrientationPortrait UIInterfaceOrientationPortraitUpsideDown UIInterfaceOrientationLandscapeLeft UIInterfaceOrientationLandscapeRight";
				INFOPLIST_KEY_UISupportedInterfaceOrientations_iPhone = "UIInterfaceOrientationPortrait UIInterfaceOrientationLandscapeLeft UIInterfaceOrientationLandscapeRight";
				IPHONEOS_DEPLOYMENT_TARGET = 18.0;
				LD_RUNPATH_SEARCH_PATHS = "@executable_path/Frameworks";
				"LD_RUNPATH_SEARCH_PATHS[sdk=macosx*]" = "@executable_path/../Frameworks";
				MACOSX_DEPLOYMENT_TARGET = 15.0;
				MARKETING_VERSION = 1.0;
				PRODUCT_BUNDLE_IDENTIFIER = astericks.LMStudioiOS;
				PRODUCT_NAME = "$(TARGET_NAME)";
				SDKROOT = auto;
				SUPPORTED_PLATFORMS = "iphoneos iphonesimulator macosx xros xrsimulator";
				SWIFT_EMIT_LOC_STRINGS = YES;
				SWIFT_VERSION = 5.0;
				TARGETED_DEVICE_FAMILY = "1,2,7";
				XROS_DEPLOYMENT_TARGET = 2.0;
			};
			name = Debug;
		};
		EDB2DA942D7D5FB700B3D385 /* Release */ = {
			isa = XCBuildConfiguration;
			buildSettings = {
				ASSETCATALOG_COMPILER_APPICON_NAME = AppIcon;
				ASSETCATALOG_COMPILER_GLOBAL_ACCENT_COLOR_NAME = AccentColor;
				CODE_SIGN_ENTITLEMENTS = LMStudioiOS/LMStudioiOS.entitlements;
				CODE_SIGN_STYLE = Automatic;
				CURRENT_PROJECT_VERSION = 1;
				DEVELOPMENT_ASSET_PATHS = "\"LMStudioiOS/Preview Content\"";
				DEVELOPMENT_TEAM = 2C9TR52QN3;
				ENABLE_PREVIEWS = YES;
				GENERATE_INFOPLIST_FILE = YES;
				INFOPLIST_FILE = LMStudioiOS/Info.plist;
				INFOPLIST_KEY_CFBundleDisplayName = "LLM Chat";
				INFOPLIST_KEY_LSApplicationCategoryType = "public.app-category.utilities";
				"INFOPLIST_KEY_UIApplicationSceneManifest_Generation[sdk=iphoneos*]" = YES;
				"INFOPLIST_KEY_UIApplicationSceneManifest_Generation[sdk=iphonesimulator*]" = YES;
				"INFOPLIST_KEY_UIApplicationSupportsIndirectInputEvents[sdk=iphoneos*]" = YES;
				"INFOPLIST_KEY_UIApplicationSupportsIndirectInputEvents[sdk=iphonesimulator*]" = YES;
				"INFOPLIST_KEY_UILaunchScreen_Generation[sdk=iphoneos*]" = YES;
				"INFOPLIST_KEY_UILaunchScreen_Generation[sdk=iphonesimulator*]" = YES;
				"INFOPLIST_KEY_UIStatusBarStyle[sdk=iphoneos*]" = UIStatusBarStyleDefault;
				"INFOPLIST_KEY_UIStatusBarStyle[sdk=iphonesimulator*]" = UIStatusBarStyleDefault;
				INFOPLIST_KEY_UISupportedInterfaceOrientations_iPad = "UIInterfaceOrientationPortrait UIInterfaceOrientationPortraitUpsideDown UIInterfaceOrientationLandscapeLeft UIInterfaceOrientationLandscapeRight";
				INFOPLIST_KEY_UISupportedInterfaceOrientations_iPhone = "UIInterfaceOrientationPortrait UIInterfaceOrientationLandscapeLeft UIInterfaceOrientationLandscapeRight";
				IPHONEOS_DEPLOYMENT_TARGET = 18.0;
				LD_RUNPATH_SEARCH_PATHS = "@executable_path/Frameworks";
				"LD_RUNPATH_SEARCH_PATHS[sdk=macosx*]" = "@executable_path/../Frameworks";
				MACOSX_DEPLOYMENT_TARGET = 15.0;
				MARKETING_VERSION = 1.0;
				PRODUCT_BUNDLE_IDENTIFIER = astericks.LMStudioiOS;
				PRODUCT_NAME = "$(TARGET_NAME)";
				SDKROOT = auto;
				SUPPORTED_PLATFORMS = "iphoneos iphonesimulator macosx xros xrsimulator";
				SWIFT_EMIT_LOC_STRINGS = YES;
				SWIFT_VERSION = 5.0;
				TARGETED_DEVICE_FAMILY = "1,2,7";
				XROS_DEPLOYMENT_TARGET = 2.0;
			};
			name = Release;
		};
		EDB2DA962D7D5FB700B3D385 /* Debug */ = {
			isa = XCBuildConfiguration;
			buildSettings = {
				BUNDLE_LOADER = "$(TEST_HOST)";
				CODE_SIGN_STYLE = Automatic;
				CURRENT_PROJECT_VERSION = 1;
				GENERATE_INFOPLIST_FILE = YES;
				IPHONEOS_DEPLOYMENT_TARGET = 18.0;
				MACOSX_DEPLOYMENT_TARGET = 15.0;
				MARKETING_VERSION = 1.0;
				PRODUCT_BUNDLE_IDENTIFIER = astericks.LMStudioiOSTests;
				PRODUCT_NAME = "$(TARGET_NAME)";
				SDKROOT = auto;
				SUPPORTED_PLATFORMS = "iphoneos iphonesimulator macosx xros xrsimulator";
				SWIFT_EMIT_LOC_STRINGS = NO;
				SWIFT_VERSION = 5.0;
				TARGETED_DEVICE_FAMILY = "1,2,7";
				TEST_HOST = "$(BUILT_PRODUCTS_DIR)/LMStudioiOS.app/$(BUNDLE_EXECUTABLE_FOLDER_PATH)/LMStudioiOS";
				XROS_DEPLOYMENT_TARGET = 2.0;
			};
			name = Debug;
		};
		EDB2DA972D7D5FB700B3D385 /* Release */ = {
			isa = XCBuildConfiguration;
			buildSettings = {
				BUNDLE_LOADER = "$(TEST_HOST)";
				CODE_SIGN_STYLE = Automatic;
				CURRENT_PROJECT_VERSION = 1;
				GENERATE_INFOPLIST_FILE = YES;
				IPHONEOS_DEPLOYMENT_TARGET = 18.0;
				MACOSX_DEPLOYMENT_TARGET = 15.0;
				MARKETING_VERSION = 1.0;
				PRODUCT_BUNDLE_IDENTIFIER = astericks.LMStudioiOSTests;
				PRODUCT_NAME = "$(TARGET_NAME)";
				SDKROOT = auto;
				SUPPORTED_PLATFORMS = "iphoneos iphonesimulator macosx xros xrsimulator";
				SWIFT_EMIT_LOC_STRINGS = NO;
				SWIFT_VERSION = 5.0;
				TARGETED_DEVICE_FAMILY = "1,2,7";
				TEST_HOST = "$(BUILT_PRODUCTS_DIR)/LMStudioiOS.app/$(BUNDLE_EXECUTABLE_FOLDER_PATH)/LMStudioiOS";
				XROS_DEPLOYMENT_TARGET = 2.0;
			};
			name = Release;
		};
		EDB2DA992D7D5FB700B3D385 /* Debug */ = {
			isa = XCBuildConfiguration;
			buildSettings = {
				CODE_SIGN_STYLE = Automatic;
				CURRENT_PROJECT_VERSION = 1;
				GENERATE_INFOPLIST_FILE = YES;
				IPHONEOS_DEPLOYMENT_TARGET = 18.0;
				MACOSX_DEPLOYMENT_TARGET = 15.0;
				MARKETING_VERSION = 1.0;
				PRODUCT_BUNDLE_IDENTIFIER = astericks.LMStudioiOSUITests;
				PRODUCT_NAME = "$(TARGET_NAME)";
				SDKROOT = auto;
				SUPPORTED_PLATFORMS = "iphoneos iphonesimulator macosx xros xrsimulator";
				SWIFT_EMIT_LOC_STRINGS = NO;
				SWIFT_VERSION = 5.0;
				TARGETED_DEVICE_FAMILY = "1,2,7";
				TEST_TARGET_NAME = LMStudioiOS;
				XROS_DEPLOYMENT_TARGET = 2.0;
			};
			name = Debug;
		};
		EDB2DA9A2D7D5FB700B3D385 /* Release */ = {
			isa = XCBuildConfiguration;
			buildSettings = {
				CODE_SIGN_STYLE = Automatic;
				CURRENT_PROJECT_VERSION = 1;
				GENERATE_INFOPLIST_FILE = YES;
				IPHONEOS_DEPLOYMENT_TARGET = 18.0;
				MACOSX_DEPLOYMENT_TARGET = 15.0;
				MARKETING_VERSION = 1.0;
				PRODUCT_BUNDLE_IDENTIFIER = astericks.LMStudioiOSUITests;
				PRODUCT_NAME = "$(TARGET_NAME)";
				SDKROOT = auto;
				SUPPORTED_PLATFORMS = "iphoneos iphonesimulator macosx xros xrsimulator";
				SWIFT_EMIT_LOC_STRINGS = NO;
				SWIFT_VERSION = 5.0;
				TARGETED_DEVICE_FAMILY = "1,2,7";
				TEST_TARGET_NAME = LMStudioiOS;
				XROS_DEPLOYMENT_TARGET = 2.0;
			};
			name = Release;
		};
/* End XCBuildConfiguration section */

/* Begin XCConfigurationList section */
		EDB2DA682D7D5FB600B3D385 /* Build configuration list for PBXProject "LMStudioiOS" */ = {
			isa = XCConfigurationList;
			buildConfigurations = (
				EDB2DA902D7D5FB700B3D385 /* Debug */,
				EDB2DA912D7D5FB700B3D385 /* Release */,
			);
			defaultConfigurationIsVisible = 0;
			defaultConfigurationName = Release;
		};
		EDB2DA922D7D5FB700B3D385 /* Build configuration list for PBXNativeTarget "LMStudioiOS" */ = {
			isa = XCConfigurationList;
			buildConfigurations = (
				EDB2DA932D7D5FB700B3D385 /* Debug */,
				EDB2DA942D7D5FB700B3D385 /* Release */,
			);
			defaultConfigurationIsVisible = 0;
			defaultConfigurationName = Release;
		};
		EDB2DA952D7D5FB700B3D385 /* Build configuration list for PBXNativeTarget "LMStudioiOSTests" */ = {
			isa = XCConfigurationList;
			buildConfigurations = (
				EDB2DA962D7D5FB700B3D385 /* Debug */,
				EDB2DA972D7D5FB700B3D385 /* Release */,
			);
			defaultConfigurationIsVisible = 0;
			defaultConfigurationName = Release;
		};
		EDB2DA982D7D5FB700B3D385 /* Build configuration list for PBXNativeTarget "LMStudioiOSUITests" */ = {
			isa = XCConfigurationList;
			buildConfigurations = (
				EDB2DA992D7D5FB700B3D385 /* Debug */,
				EDB2DA9A2D7D5FB700B3D385 /* Release */,
			);
			defaultConfigurationIsVisible = 0;
			defaultConfigurationName = Release;
		};
/* End XCConfigurationList section */
	};
	rootObject = EDB2DA652D7D5FB600B3D385 /* Project object */;
}
